
Microsoft Visual Studio Solution File, Format Version 12.00
# Visual Studio Version 17
VisualStudioVersion = 17.1.32228.430
MinimumVisualStudioVersion = 10.0.40219.1
Project("{FAE04EC0-301F-11D3-BF4B-00C04F79EFBC}") = "0405", "0405\0405.csproj", "{05076596-4DAE-43DB-A059-D7EC53834A91}"
EndProject
Global
	GlobalSection(SolutionConfigurationPlatforms) = preSolution
		Debug|Any CPU = Debug|Any CPU
		Release|Any CPU = Release|Any CPU
	EndGlobalSection
	GlobalSection(ProjectConfigurationPlatforms) = postSolution
		{05076596-4DAE-43DB-A059-D7EC53834A91}.Debug|Any CPU.ActiveCfg = Debug|Any CPU
		{05076596-4DAE-43DB-A059-D7EC53834A91}.Debug|Any CPU.Build.0 = Debug|Any CPU
		{05076596-4DAE-43DB-A059-D7EC53834A91}.Release|Any CPU.ActiveCfg = Release|Any CPU
		{05076596-4DAE-43DB-A059-D7EC53834A91}.Release|Any CPU.Build.0 = Release|Any CPU
	EndGlobalSection
	GlobalSection(SolutionProperties) = preSolution
		HideSolutionNode = FALSE
	EndGlobalSection
	GlobalSection(ExtensibilityGlobals) = postSolution
		SolutionGuid = {E12D136E-8E47-4984-8ADC-321CD80B5458}
	EndGlobalSection
EndGlobal
